dependencies:
  espressif/esp-nn:
    component_hash: b32869798bdb40dec6bc99caca48cd65d42f8a9f506b9ab9c598a076f891ede9
    source:
      service_url: https://api.components.espressif.com/
      type: service
    version: 1.0.2
  espressif/esp-tflite-micro:
    component_hash: ffe40b7edc5f407f82a55047b7269c036c25106ff830fb9b3231f3b7fecb4915
    source:
      service_url: https://api.components.espressif.com/
      type: service
    version: 1.2.0
  espressif/mpu6050:
    component_hash: d69219ccb141372b863c511749ffbeab28417ac71c205d7ed7030c308e1b6832
    source:
      service_url: https://api.components.espressif.com/
      type: service
    version: 1.2.0
  idf:
    component_hash: null
    source:
      type: idf
    version: 5.2.0
  parabuzzle/http_rest_client:
    component_hash: e5235176e536c6b552ddcad0547bcff11aee81cef25e18ede92221f1a0451068
    source:
      service_url: https://api.components.espressif.com/
      type: service
    version: 0.1.4
manifest_hash: 8ef83e1ff3e3b0d06461c26a7404ae5b7addf0dc738f86b0f84163643bfe0264
target: esp32s3
version: 1.0.0
